
Microsoft Visual Studio Solution File, Format Version 12.00
# Visual Studio Version 17
VisualStudioVersion = 17.11.35327.3
MinimumVisualStudioVersion = 10.0.40219.1
Project("{FAE04EC0-301F-11D3-BF4B-00C04F79EFBC}") = "Petrol", "Petrol\Petrol.csproj", "{549E6F01-6B3D-4478-80BB-CB8C2F03DAA8}"
EndProject
Global
	GlobalSection(SolutionConfigurationPlatforms) = preSolution
		Debug|Any CPU = Debug|Any CPU
		Release|Any CPU = Release|Any CPU
	EndGlobalSection
	GlobalSection(ProjectConfigurationPlatforms) = postSolution
		{549E6F01-6B3D-4478-80BB-CB8C2F03DAA8}.Debug|Any CPU.ActiveCfg = Debug|Any CPU
		{549E6F01-6B3D-4478-80BB-CB8C2F03DAA8}.Debug|Any CPU.Build.0 = Debug|Any CPU
		{549E6F01-6B3D-4478-80BB-CB8C2F03DAA8}.Release|Any CPU.ActiveCfg = Release|Any CPU
		{549E6F01-6B3D-4478-80BB-CB8C2F03DAA8}.Release|Any CPU.Build.0 = Release|Any CPU
	EndGlobalSection
	GlobalSection(SolutionProperties) = preSolution
		HideSolutionNode = FALSE
	EndGlobalSection
	GlobalSection(ExtensibilityGlobals) = postSolution
		SolutionGuid = {F4F9AFAF-017F-479F-8406-7D8DE1A0EFD2}
	EndGlobalSection
EndGlobal
